{
  "version": 4,
  "terraform_version": "0.13.0",
  "serial": 11,
  "lineage": "1f3bdea5-70ef-04c9-dc56-443bfd6d9943",
  "outputs": {
    "resource_group_name": {
      "value": "terratest-rg-yWg7xB",
      "type": "string"
    }
  },
  "resources": [
    {
      "mode": "managed",
      "type": "azurerm_resource_group",
      "name": "resource_group",
      "provider": "provider[\"registry.terraform.io/hashicorp/azurerm\"]",
      "instances": [
        {
          "schema_version": 0,
          "attributes": {
            "id": "/subscriptions/a21dced2-2289-4a4a-8aed-142c2c894f9f/resourceGroups/terratest-rg-yWg7xB",
            "location": "eastus",
            "name": "terratest-rg-yWg7xB",
            "tags": null,
            "timeouts": null
          },
          "private": "eyJlMmJmYjczMC1lY2FhLTExZTYtOGY4OC0zNDM2M2JjN2M0YzAiOnsiY3JlYXRlIjo1NDAwMDAwMDAwMDAwLCJkZWxldGUiOjU0MDAwMDAwMDAwMDAsInJlYWQiOjMwMDAwMDAwMDAwMCwidXBkYXRlIjo1NDAwMDAwMDAwMDAwfX0="
        }
      ]
    }
  ]
}
